
Microsoft Visual Studio Solution File, Format Version 12.00
# Visual Studio 2013
VisualStudioVersion = 12.0.30110.0
MinimumVisualStudioVersion = 10.0.40219.1
Project("{FAE04EC0-301F-11D3-BF4B-00C04F79EFBC}") = "Common", "Common\Nehta.VendorLibrary.Common.csproj", "{0BDB0698-CB73-4E7B-A182-805831D3A5AC}"
EndProject
Project("{FAE04EC0-301F-11D3-BF4B-00C04F79EFBC}") = "HI", "HI\Nehta.VendorLibrary.HI.csproj", "{1BD8F6A0-9D09-4E98-8B11-58EE42CAFB86}"
EndProject
Project("{FAE04EC0-301F-11D3-BF4B-00C04F79EFBC}") = "HI.Sample", "HI.Sample\Nehta.VendorLibrary.HI.Sample.csproj", "{915A4DE9-965A-4DD3-ADCA-490520E9CCDA}"
EndProject
Project("{2150E333-8FDC-42A3-9474-1A3956D46DE8}") = "Solution Items", "Solution Items", "{8DAEC6E2-2FCB-4882-BEA5-87F1F6AA5B79}"
	ProjectSection(SolutionItems) = preProject
		..\NEHTA.snk = ..\NEHTA.snk
	EndProjectSection
EndProject
Global
	GlobalSection(SolutionConfigurationPlatforms) = preSolution
		Debug|Any CPU = Debug|Any CPU
		Release|Any CPU = Release|Any CPU
	EndGlobalSection
	GlobalSection(ProjectConfigurationPlatforms) = postSolution
		{0BDB0698-CB73-4E7B-A182-805831D3A5AC}.Debug|Any CPU.ActiveCfg = Debug|Any CPU
		{0BDB0698-CB73-4E7B-A182-805831D3A5AC}.Debug|Any CPU.Build.0 = Debug|Any CPU
		{0BDB0698-CB73-4E7B-A182-805831D3A5AC}.Release|Any CPU.ActiveCfg = Release|Any CPU
		{0BDB0698-CB73-4E7B-A182-805831D3A5AC}.Release|Any CPU.Build.0 = Release|Any CPU
		{1BD8F6A0-9D09-4E98-8B11-58EE42CAFB86}.Debug|Any CPU.ActiveCfg = Debug|Any CPU
		{1BD8F6A0-9D09-4E98-8B11-58EE42CAFB86}.Debug|Any CPU.Build.0 = Debug|Any CPU
		{1BD8F6A0-9D09-4E98-8B11-58EE42CAFB86}.Release|Any CPU.ActiveCfg = Release|Any CPU
		{1BD8F6A0-9D09-4E98-8B11-58EE42CAFB86}.Release|Any CPU.Build.0 = Release|Any CPU
		{915A4DE9-965A-4DD3-ADCA-490520E9CCDA}.Debug|Any CPU.ActiveCfg = Debug|Any CPU
		{915A4DE9-965A-4DD3-ADCA-490520E9CCDA}.Debug|Any CPU.Build.0 = Debug|Any CPU
		{915A4DE9-965A-4DD3-ADCA-490520E9CCDA}.Release|Any CPU.ActiveCfg = Release|Any CPU
		{915A4DE9-965A-4DD3-ADCA-490520E9CCDA}.Release|Any CPU.Build.0 = Release|Any CPU
	EndGlobalSection
	GlobalSection(SolutionProperties) = preSolution
		HideSolutionNode = FALSE
	EndGlobalSection
EndGlobal
